
Microsoft Visual Studio Solution File, Format Version 12.00
# Visual Studio 15
VisualStudioVersion = 15.0.28010.0
MinimumVisualStudioVersion = 10.0.40219.1
Project("{FAE04EC0-301F-11D3-BF4B-00C04F79EFBC}") = "BookStore", "BookStore\BookStore.csproj", "{69208820-1B2E-405C-AF0E-38CCD8B26B8B}"
EndProject
Global
	GlobalSection(SolutionConfigurationPlatforms) = preSolution
		Debug|Any CPU = Debug|Any CPU
		Release|Any CPU = Release|Any CPU
	EndGlobalSection
	GlobalSection(ProjectConfigurationPlatforms) = postSolution
		{69208820-1B2E-405C-AF0E-38CCD8B26B8B}.Debug|Any CPU.ActiveCfg = Debug|Any CPU
		{69208820-1B2E-405C-AF0E-38CCD8B26B8B}.Debug|Any CPU.Build.0 = Debug|Any CPU
		{69208820-1B2E-405C-AF0E-38CCD8B26B8B}.Release|Any CPU.ActiveCfg = Release|Any CPU
		{69208820-1B2E-405C-AF0E-38CCD8B26B8B}.Release|Any CPU.Build.0 = Release|Any CPU
	EndGlobalSection
	GlobalSection(SolutionProperties) = preSolution
		HideSolutionNode = FALSE
	EndGlobalSection
	GlobalSection(ExtensibilityGlobals) = postSolution
		SolutionGuid = {0A96F299-AC37-44CE-BAA9-E61B5CF0862F}
	EndGlobalSection
EndGlobal
